
Microsoft Visual Studio Solution File, Format Version 12.00
Project("{FAE04EC0-301F-11D3-BF4B-00C04F79EFBC}") = "OOPsDBSCAN", "OOPsDBSCAN\OOPsDBSCAN.csproj", "{7B9A368D-BB73-4020-AC5A-D0646A95FC19}"
EndProject
Project("{F2A71F9B-5D33-465A-A702-920D77279786}") = "sDBSCAN", "FunsDBSCAN\sDBSCAN.fsproj", "{248D4282-EA2A-42F9-A238-327DAF517237}"
EndProject
Global
	GlobalSection(SolutionConfigurationPlatforms) = preSolution
		Debug|Any CPU = Debug|Any CPU
		Release|Any CPU = Release|Any CPU
	EndGlobalSection
	GlobalSection(ProjectConfigurationPlatforms) = postSolution
		{7B9A368D-BB73-4020-AC5A-D0646A95FC19}.Debug|Any CPU.ActiveCfg = Debug|Any CPU
		{7B9A368D-BB73-4020-AC5A-D0646A95FC19}.Debug|Any CPU.Build.0 = Debug|Any CPU
		{7B9A368D-BB73-4020-AC5A-D0646A95FC19}.Release|Any CPU.ActiveCfg = Release|Any CPU
		{7B9A368D-BB73-4020-AC5A-D0646A95FC19}.Release|Any CPU.Build.0 = Release|Any CPU
		{248D4282-EA2A-42F9-A238-327DAF517237}.Debug|Any CPU.ActiveCfg = Debug|Any CPU
		{248D4282-EA2A-42F9-A238-327DAF517237}.Debug|Any CPU.Build.0 = Debug|Any CPU
		{248D4282-EA2A-42F9-A238-327DAF517237}.Release|Any CPU.ActiveCfg = Release|Any CPU
		{248D4282-EA2A-42F9-A238-327DAF517237}.Release|Any CPU.Build.0 = Release|Any CPU
	EndGlobalSection
EndGlobal
