
Microsoft Visual Studio Solution File, Format Version 12.00
Project("{FAE04EC0-301F-11D3-BF4B-00C04F79EFBC}") = "OOPsDBSCAN", "OOPsDBSCAN\OOPsDBSCAN.csproj", "{7B9A368D-BB73-4020-AC5A-D0646A95FC19}"
EndProject
Project("{FAE04EC0-301F-11D3-BF4B-00C04F79EFBC}") = "Tests", "Tests\Tests.csproj", "{4BB9C60B-86B7-4EA7-B6C8-2B35E5592FFE}"
EndProject
Project("{FAE04EC0-301F-11D3-BF4B-00C04F79EFBC}") = "sHDBSCAN", "sHDBSCAN\sHDBSCAN.csproj", "{E7BE9954-A39E-4A8D-941F-618C8E9BA24E}"
EndProject
Project("{FAE04EC0-301F-11D3-BF4B-00C04F79EFBC}") = "DBSCAN", "DBSCAN\DBSCAN.csproj", "{3D5BE9E8-8FB3-433F-8577-3AEE08EBCA86}"
EndProject
Project("{FAE04EC0-301F-11D3-BF4B-00C04F79EFBC}") = "Core", "Core\Core.csproj", "{2F721222-92CB-4A14-ACB9-C55E11D24158}"
EndProject
Project("{FAE04EC0-301F-11D3-BF4B-00C04F79EFBC}") = "NormaliseData", "NormaliseData\NormaliseData.csproj", "{5FECE3A1-EBDF-41D8-BE96-52891256B861}"
EndProject
Global
	GlobalSection(SolutionConfigurationPlatforms) = preSolution
		Debug|Any CPU = Debug|Any CPU
		Release|Any CPU = Release|Any CPU
	EndGlobalSection
	GlobalSection(ProjectConfigurationPlatforms) = postSolution
		{7B9A368D-BB73-4020-AC5A-D0646A95FC19}.Debug|Any CPU.ActiveCfg = Debug|Any CPU
		{7B9A368D-BB73-4020-AC5A-D0646A95FC19}.Debug|Any CPU.Build.0 = Debug|Any CPU
		{7B9A368D-BB73-4020-AC5A-D0646A95FC19}.Release|Any CPU.ActiveCfg = Release|Any CPU
		{7B9A368D-BB73-4020-AC5A-D0646A95FC19}.Release|Any CPU.Build.0 = Release|Any CPU
		{4BB9C60B-86B7-4EA7-B6C8-2B35E5592FFE}.Debug|Any CPU.ActiveCfg = Debug|Any CPU
		{4BB9C60B-86B7-4EA7-B6C8-2B35E5592FFE}.Debug|Any CPU.Build.0 = Debug|Any CPU
		{4BB9C60B-86B7-4EA7-B6C8-2B35E5592FFE}.Release|Any CPU.ActiveCfg = Release|Any CPU
		{4BB9C60B-86B7-4EA7-B6C8-2B35E5592FFE}.Release|Any CPU.Build.0 = Release|Any CPU
		{E7BE9954-A39E-4A8D-941F-618C8E9BA24E}.Debug|Any CPU.ActiveCfg = Debug|Any CPU
		{E7BE9954-A39E-4A8D-941F-618C8E9BA24E}.Debug|Any CPU.Build.0 = Debug|Any CPU
		{E7BE9954-A39E-4A8D-941F-618C8E9BA24E}.Release|Any CPU.ActiveCfg = Release|Any CPU
		{E7BE9954-A39E-4A8D-941F-618C8E9BA24E}.Release|Any CPU.Build.0 = Release|Any CPU
		{3D5BE9E8-8FB3-433F-8577-3AEE08EBCA86}.Debug|Any CPU.ActiveCfg = Debug|Any CPU
		{3D5BE9E8-8FB3-433F-8577-3AEE08EBCA86}.Debug|Any CPU.Build.0 = Debug|Any CPU
		{3D5BE9E8-8FB3-433F-8577-3AEE08EBCA86}.Release|Any CPU.ActiveCfg = Release|Any CPU
		{3D5BE9E8-8FB3-433F-8577-3AEE08EBCA86}.Release|Any CPU.Build.0 = Release|Any CPU
		{2F721222-92CB-4A14-ACB9-C55E11D24158}.Debug|Any CPU.ActiveCfg = Debug|Any CPU
		{2F721222-92CB-4A14-ACB9-C55E11D24158}.Debug|Any CPU.Build.0 = Debug|Any CPU
		{2F721222-92CB-4A14-ACB9-C55E11D24158}.Release|Any CPU.ActiveCfg = Release|Any CPU
		{2F721222-92CB-4A14-ACB9-C55E11D24158}.Release|Any CPU.Build.0 = Release|Any CPU
		{024CBB8B-EF07-45CF-AEFC-E086BFBA1F97}.Debug|Any CPU.ActiveCfg = Debug|Any CPU
		{024CBB8B-EF07-45CF-AEFC-E086BFBA1F97}.Debug|Any CPU.Build.0 = Debug|Any CPU
		{024CBB8B-EF07-45CF-AEFC-E086BFBA1F97}.Release|Any CPU.ActiveCfg = Release|Any CPU
		{024CBB8B-EF07-45CF-AEFC-E086BFBA1F97}.Release|Any CPU.Build.0 = Release|Any CPU
		{5FECE3A1-EBDF-41D8-BE96-52891256B861}.Debug|Any CPU.ActiveCfg = Debug|Any CPU
		{5FECE3A1-EBDF-41D8-BE96-52891256B861}.Debug|Any CPU.Build.0 = Debug|Any CPU
		{5FECE3A1-EBDF-41D8-BE96-52891256B861}.Release|Any CPU.ActiveCfg = Release|Any CPU
		{5FECE3A1-EBDF-41D8-BE96-52891256B861}.Release|Any CPU.Build.0 = Release|Any CPU
	EndGlobalSection
EndGlobal
